
Microsoft Visual Studio Solution File, Format Version 12.00
# Visual Studio Version 17
VisualStudioVersion = 17.9.34723.18
MinimumVisualStudioVersion = 10.0.40219.1
Project("{FAE04EC0-301F-11D3-BF4B-00C04F79EFBC}") = "Knowledge Check 1", "Knowledge Check 1.csproj", "{156EE70E-EF3A-4E3E-BF34-D393892D1A57}"
EndProject
Global
	GlobalSection(SolutionConfigurationPlatforms) = preSolution
		Debug|Any CPU = Debug|Any CPU
		Release|Any CPU = Release|Any CPU
	EndGlobalSection
	GlobalSection(ProjectConfigurationPlatforms) = postSolution
		{156EE70E-EF3A-4E3E-BF34-D393892D1A57}.Debug|Any CPU.ActiveCfg = Debug|Any CPU
		{156EE70E-EF3A-4E3E-BF34-D393892D1A57}.Debug|Any CPU.Build.0 = Debug|Any CPU
		{156EE70E-EF3A-4E3E-BF34-D393892D1A57}.Release|Any CPU.ActiveCfg = Release|Any CPU
		{156EE70E-EF3A-4E3E-BF34-D393892D1A57}.Release|Any CPU.Build.0 = Release|Any CPU
	EndGlobalSection
	GlobalSection(SolutionProperties) = preSolution
		HideSolutionNode = FALSE
	EndGlobalSection
	GlobalSection(ExtensibilityGlobals) = postSolution
		SolutionGuid = {6A8E6339-4D94-40FA-9A35-1EF72B73FB9C}
	EndGlobalSection
EndGlobal
